
Microsoft Visual Studio Solution File, Format Version 12.00
# Visual Studio 15
VisualStudioVersion = 15.0.27004.2009
MinimumVisualStudioVersion = 10.0.40219.1
Project("{2150E333-8FDC-42A3-9474-1A3956D46DE8}") = "src", "src", "{F804669D-25DD-4EBB-B8C6-19A0CD00A6BF}"
EndProject
Project("{2150E333-8FDC-42A3-9474-1A3956D46DE8}") = "tests", "tests", "{5AA628AB-65E7-4F1F-ABF6-688ED3B08422}"
EndProject
Project("{9A19103F-16F7-4668-BE54-9A1E7A4F7556}") = "ApplicationCore", "src\ApplicationCore\ApplicationCore.csproj", "{FC15DB00-D10A-40AC-B053-29C8DED55AEF}"
EndProject
Project("{9A19103F-16F7-4668-BE54-9A1E7A4F7556}") = "Infrastructure", "src\Infrastructure\Infrastructure.csproj", "{76921A0C-21AF-4CFF-B52F-9430E5F9DBD0}"
EndProject
Project("{9A19103F-16F7-4668-BE54-9A1E7A4F7556}") = "Web", "src\Web\Web.csproj", "{938BF784-A192-493E-BBB7-7F4A45A18DF7}"
EndProject
Project("{9A19103F-16F7-4668-BE54-9A1E7A4F7556}") = "UnitTests", "tests\UnitTests\UnitTests.csproj", "{81813800-FAA6-4B62-8404-B455E02AE9B6}"
EndProject
Project("{2150E333-8FDC-42A3-9474-1A3956D46DE8}") = "docs", "docs", "{A51334C8-B056-4CAC-AA20-EA71361D836C}"
	ProjectSection(SolutionItems) = preProject
		README.md = README.md
		docs\使用指南.md = docs\使用指南.md
	EndProjectSection
EndProject
Project("{2150E333-8FDC-42A3-9474-1A3956D46DE8}") = "config", "config", "{1B672A4B-DD44-4CDB-B18C-4DD5C5B83ADE}"
	ProjectSection(SolutionItems) = preProject
		.gitattributes = .gitattributes
		.gitignore = .gitignore
		global.json = global.json
		nuget.config = nuget.config
	EndProjectSection
EndProject
Project("{FAE04EC0-301F-11D3-BF4B-00C04F79EFBC}") = "IntegrationTests", "tests\IntegrationTests\IntegrationTests.csproj", "{7DD9C7CB-0F81-43D1-88EB-352A734B9131}"
EndProject
Global
	GlobalSection(SolutionConfigurationPlatforms) = preSolution
		Debug|Any CPU = Debug|Any CPU
		Release|Any CPU = Release|Any CPU
	EndGlobalSection
	GlobalSection(ProjectConfigurationPlatforms) = postSolution
		{FC15DB00-D10A-40AC-B053-29C8DED55AEF}.Debug|Any CPU.ActiveCfg = Debug|Any CPU
		{FC15DB00-D10A-40AC-B053-29C8DED55AEF}.Debug|Any CPU.Build.0 = Debug|Any CPU
		{FC15DB00-D10A-40AC-B053-29C8DED55AEF}.Release|Any CPU.ActiveCfg = Release|Any CPU
		{FC15DB00-D10A-40AC-B053-29C8DED55AEF}.Release|Any CPU.Build.0 = Release|Any CPU
		{76921A0C-21AF-4CFF-B52F-9430E5F9DBD0}.Debug|Any CPU.ActiveCfg = Debug|Any CPU
		{76921A0C-21AF-4CFF-B52F-9430E5F9DBD0}.Debug|Any CPU.Build.0 = Debug|Any CPU
		{76921A0C-21AF-4CFF-B52F-9430E5F9DBD0}.Release|Any CPU.ActiveCfg = Release|Any CPU
		{76921A0C-21AF-4CFF-B52F-9430E5F9DBD0}.Release|Any CPU.Build.0 = Release|Any CPU
		{938BF784-A192-493E-BBB7-7F4A45A18DF7}.Debug|Any CPU.ActiveCfg = Debug|Any CPU
		{938BF784-A192-493E-BBB7-7F4A45A18DF7}.Debug|Any CPU.Build.0 = Debug|Any CPU
		{938BF784-A192-493E-BBB7-7F4A45A18DF7}.Release|Any CPU.ActiveCfg = Release|Any CPU
		{938BF784-A192-493E-BBB7-7F4A45A18DF7}.Release|Any CPU.Build.0 = Release|Any CPU
		{81813800-FAA6-4B62-8404-B455E02AE9B6}.Debug|Any CPU.ActiveCfg = Debug|Any CPU
		{81813800-FAA6-4B62-8404-B455E02AE9B6}.Debug|Any CPU.Build.0 = Debug|Any CPU
		{81813800-FAA6-4B62-8404-B455E02AE9B6}.Release|Any CPU.ActiveCfg = Release|Any CPU
		{81813800-FAA6-4B62-8404-B455E02AE9B6}.Release|Any CPU.Build.0 = Release|Any CPU
		{7DD9C7CB-0F81-43D1-88EB-352A734B9131}.Debug|Any CPU.ActiveCfg = Debug|Any CPU
		{7DD9C7CB-0F81-43D1-88EB-352A734B9131}.Debug|Any CPU.Build.0 = Debug|Any CPU
		{7DD9C7CB-0F81-43D1-88EB-352A734B9131}.Release|Any CPU.ActiveCfg = Release|Any CPU
		{7DD9C7CB-0F81-43D1-88EB-352A734B9131}.Release|Any CPU.Build.0 = Release|Any CPU
	EndGlobalSection
	GlobalSection(SolutionProperties) = preSolution
		HideSolutionNode = FALSE
	EndGlobalSection
	GlobalSection(NestedProjects) = preSolution
		{FC15DB00-D10A-40AC-B053-29C8DED55AEF} = {F804669D-25DD-4EBB-B8C6-19A0CD00A6BF}
		{76921A0C-21AF-4CFF-B52F-9430E5F9DBD0} = {F804669D-25DD-4EBB-B8C6-19A0CD00A6BF}
		{938BF784-A192-493E-BBB7-7F4A45A18DF7} = {F804669D-25DD-4EBB-B8C6-19A0CD00A6BF}
		{81813800-FAA6-4B62-8404-B455E02AE9B6} = {5AA628AB-65E7-4F1F-ABF6-688ED3B08422}
		{7DD9C7CB-0F81-43D1-88EB-352A734B9131} = {5AA628AB-65E7-4F1F-ABF6-688ED3B08422}
	EndGlobalSection
	GlobalSection(ExtensibilityGlobals) = postSolution
		SolutionGuid = {243A0AC0-1234-4530-AC20-857498501DCA}
	EndGlobalSection
EndGlobal
