
Microsoft Visual Studio Solution File, Format Version 12.00
# Visual Studio 15
VisualStudioVersion = 15.0.27004.2009
MinimumVisualStudioVersion = 10.0.40219.1
Project("{2150E333-8FDC-42A3-9474-1A3956D46DE8}") = "src", "src", "{F804669D-25DD-4EBB-B8C6-19A0CD00A6BF}"
EndProject
Project("{2150E333-8FDC-42A3-9474-1A3956D46DE8}") = "tests", "tests", "{5AA628AB-65E7-4F1F-ABF6-688ED3B08422}"
EndProject
Project("{2150E333-8FDC-42A3-9474-1A3956D46DE8}") = "docs", "docs", "{A51334C8-B056-4CAC-AA20-EA71361D836C}"
	ProjectSection(SolutionItems) = preProject
		docs\rename.md = docs\rename.md
	EndProjectSection
EndProject
Project("{2150E333-8FDC-42A3-9474-1A3956D46DE8}") = "config", "config", "{1B672A4B-DD44-4CDB-B18C-4DD5C5B83ADE}"
	ProjectSection(SolutionItems) = preProject
		.editorconfig = .editorconfig
		.gitattributes = .gitattributes
		.gitignore = .gitignore
		Dockerfile = Dockerfile
		nuget.config = nuget.config
		README.md = README.md
	EndProjectSection
EndProject
Project("{9A19103F-16F7-4668-BE54-9A1E7A4F7556}") = "MyCompany.MyProject.Web", "src\MyCompany.MyProject.Web\MyCompany.MyProject.Web.csproj", "{3CF5321A-EB36-410A-AE34-24559C120D8A}"
EndProject
Project("{9A19103F-16F7-4668-BE54-9A1E7A4F7556}") = "MyCompany.MyProject.UnitTests", "tests\MyCompany.MyProject.UnitTests\MyCompany.MyProject.UnitTests.csproj", "{07EA7221-E71B-4601-B94D-82D14878DDEF}"
EndProject
Project("{9A19103F-16F7-4668-BE54-9A1E7A4F7556}") = "MyCompany.MyProject.Infrastructure", "src\MyCompany.MyProject.Infrastructure\MyCompany.MyProject.Infrastructure.csproj", "{970B5840-088B-4DEE-AA48-F86359FE6DA0}"
EndProject
Project("{9A19103F-16F7-4668-BE54-9A1E7A4F7556}") = "MyCompany.MyProject.Core", "src\MyCompany.MyProject.Core\MyCompany.MyProject.Core.csproj", "{D2B2E076-5F94-47A7-85EA-9BB7FDDA2EF5}"
EndProject
Project("{9A19103F-16F7-4668-BE54-9A1E7A4F7556}") = "MyCompany.MyProject.Application", "src\MyCompany.MyProject.Application\MyCompany.MyProject.Application.csproj", "{9F058943-CF39-4AEA-8955-DEF7C97EC5B6}"
EndProject
Global
	GlobalSection(SolutionConfigurationPlatforms) = preSolution
		Debug|Any CPU = Debug|Any CPU
		Release|Any CPU = Release|Any CPU
	EndGlobalSection
	GlobalSection(ProjectConfigurationPlatforms) = postSolution
		{3CF5321A-EB36-410A-AE34-24559C120D8A}.Debug|Any CPU.ActiveCfg = Debug|Any CPU
		{3CF5321A-EB36-410A-AE34-24559C120D8A}.Debug|Any CPU.Build.0 = Debug|Any CPU
		{3CF5321A-EB36-410A-AE34-24559C120D8A}.Release|Any CPU.ActiveCfg = Release|Any CPU
		{3CF5321A-EB36-410A-AE34-24559C120D8A}.Release|Any CPU.Build.0 = Release|Any CPU
		{07EA7221-E71B-4601-B94D-82D14878DDEF}.Debug|Any CPU.ActiveCfg = Debug|Any CPU
		{07EA7221-E71B-4601-B94D-82D14878DDEF}.Debug|Any CPU.Build.0 = Debug|Any CPU
		{07EA7221-E71B-4601-B94D-82D14878DDEF}.Release|Any CPU.ActiveCfg = Release|Any CPU
		{07EA7221-E71B-4601-B94D-82D14878DDEF}.Release|Any CPU.Build.0 = Release|Any CPU
		{970B5840-088B-4DEE-AA48-F86359FE6DA0}.Debug|Any CPU.ActiveCfg = Debug|Any CPU
		{970B5840-088B-4DEE-AA48-F86359FE6DA0}.Debug|Any CPU.Build.0 = Debug|Any CPU
		{970B5840-088B-4DEE-AA48-F86359FE6DA0}.Release|Any CPU.ActiveCfg = Release|Any CPU
		{970B5840-088B-4DEE-AA48-F86359FE6DA0}.Release|Any CPU.Build.0 = Release|Any CPU
		{D2B2E076-5F94-47A7-85EA-9BB7FDDA2EF5}.Debug|Any CPU.ActiveCfg = Debug|Any CPU
		{D2B2E076-5F94-47A7-85EA-9BB7FDDA2EF5}.Debug|Any CPU.Build.0 = Debug|Any CPU
		{D2B2E076-5F94-47A7-85EA-9BB7FDDA2EF5}.Release|Any CPU.ActiveCfg = Release|Any CPU
		{D2B2E076-5F94-47A7-85EA-9BB7FDDA2EF5}.Release|Any CPU.Build.0 = Release|Any CPU
		{9F058943-CF39-4AEA-8955-DEF7C97EC5B6}.Debug|Any CPU.ActiveCfg = Debug|Any CPU
		{9F058943-CF39-4AEA-8955-DEF7C97EC5B6}.Debug|Any CPU.Build.0 = Debug|Any CPU
		{9F058943-CF39-4AEA-8955-DEF7C97EC5B6}.Release|Any CPU.ActiveCfg = Release|Any CPU
		{9F058943-CF39-4AEA-8955-DEF7C97EC5B6}.Release|Any CPU.Build.0 = Release|Any CPU
	EndGlobalSection
	GlobalSection(SolutionProperties) = preSolution
		HideSolutionNode = FALSE
	EndGlobalSection
	GlobalSection(NestedProjects) = preSolution
		{3CF5321A-EB36-410A-AE34-24559C120D8A} = {F804669D-25DD-4EBB-B8C6-19A0CD00A6BF}
		{07EA7221-E71B-4601-B94D-82D14878DDEF} = {5AA628AB-65E7-4F1F-ABF6-688ED3B08422}
		{970B5840-088B-4DEE-AA48-F86359FE6DA0} = {F804669D-25DD-4EBB-B8C6-19A0CD00A6BF}
		{D2B2E076-5F94-47A7-85EA-9BB7FDDA2EF5} = {F804669D-25DD-4EBB-B8C6-19A0CD00A6BF}
		{9F058943-CF39-4AEA-8955-DEF7C97EC5B6} = {F804669D-25DD-4EBB-B8C6-19A0CD00A6BF}
	EndGlobalSection
	GlobalSection(ExtensibilityGlobals) = postSolution
		SolutionGuid = {243A0AC0-1234-4530-AC20-857498501DCA}
	EndGlobalSection
EndGlobal
